
Microsoft Visual Studio Solution File, Format Version 12.00
# Visual Studio 15
VisualStudioVersion = 15.0.27428.1
MinimumVisualStudioVersion = 10.0.40219.1
Project("{FAE04EC0-301F-11D3-BF4B-00C04F79EFBC}") = "MinSpanningTree.UI", "MinSpanningTree\MinSpanningTree.UI.csproj", "{86124776-0E46-4C39-AA5D-BF1A520459CD}"
EndProject
Project("{FAE04EC0-301F-11D3-BF4B-00C04F79EFBC}") = "MinSpanningTree.BLL", "MinSpanningTree.BLL\MinSpanningTree.BLL.csproj", "{E1618678-B744-4FA9-8140-1E994B3BE4D9}"
EndProject
Global
	GlobalSection(SolutionConfigurationPlatforms) = preSolution
		Debug|Any CPU = Debug|Any CPU
		Release|Any CPU = Release|Any CPU
	EndGlobalSection
	GlobalSection(ProjectConfigurationPlatforms) = postSolution
		{86124776-0E46-4C39-AA5D-BF1A520459CD}.Debug|Any CPU.ActiveCfg = Debug|Any CPU
		{86124776-0E46-4C39-AA5D-BF1A520459CD}.Debug|Any CPU.Build.0 = Debug|Any CPU
		{86124776-0E46-4C39-AA5D-BF1A520459CD}.Release|Any CPU.ActiveCfg = Release|Any CPU
		{86124776-0E46-4C39-AA5D-BF1A520459CD}.Release|Any CPU.Build.0 = Release|Any CPU
		{E1618678-B744-4FA9-8140-1E994B3BE4D9}.Debug|Any CPU.ActiveCfg = Debug|Any CPU
		{E1618678-B744-4FA9-8140-1E994B3BE4D9}.Debug|Any CPU.Build.0 = Debug|Any CPU
		{E1618678-B744-4FA9-8140-1E994B3BE4D9}.Release|Any CPU.ActiveCfg = Release|Any CPU
		{E1618678-B744-4FA9-8140-1E994B3BE4D9}.Release|Any CPU.Build.0 = Release|Any CPU
	EndGlobalSection
	GlobalSection(SolutionProperties) = preSolution
		HideSolutionNode = FALSE
	EndGlobalSection
	GlobalSection(ExtensibilityGlobals) = postSolution
		SolutionGuid = {83A98A65-6C73-4911-8EE4-065A4AD8AA36}
	EndGlobalSection
EndGlobal
