
Microsoft Visual Studio Solution File, Format Version 12.00
# Visual Studio 15
VisualStudioVersion = 15.0.27428.1
MinimumVisualStudioVersion = 10.0.40219.1
Project("{FAE04EC0-301F-11D3-BF4B-00C04F79EFBC}") = "MinSpanningTree.UI", "MinSpanningTree\MinSpanningTree.UI.csproj", "{86124776-0E46-4C39-AA5D-BF1A520459CD}"
EndProject
Project("{9A19103F-16F7-4668-BE54-9A1E7A4F7556}") = "MinSpanningTree.Console", "MinSpanningTree.Console\MinSpanningTree.Console.csproj", "{0419468F-CC33-419F-8396-AB87BF19F2E6}"
EndProject
Project("{9A19103F-16F7-4668-BE54-9A1E7A4F7556}") = "Triangulator", "Triangulator\Triangulator.csproj", "{2035B711-CABA-407D-9B92-755D2C80D673}"
EndProject
Project("{9A19103F-16F7-4668-BE54-9A1E7A4F7556}") = "Kruskal", "Kruskal\Kruskal.csproj", "{998E755D-195C-42EF-A2BF-9E5BF144A9A1}"
EndProject
Project("{FAE04EC0-301F-11D3-BF4B-00C04F79EFBC}") = "Prim_s", "Prim_s\Prim_s.csproj", "{1DA10A4F-9768-43E0-BFC6-43DE466944B3}"
EndProject
Global
	GlobalSection(SolutionConfigurationPlatforms) = preSolution
		Debug|Any CPU = Debug|Any CPU
		Release|Any CPU = Release|Any CPU
	EndGlobalSection
	GlobalSection(ProjectConfigurationPlatforms) = postSolution
		{86124776-0E46-4C39-AA5D-BF1A520459CD}.Debug|Any CPU.ActiveCfg = Debug|Any CPU
		{86124776-0E46-4C39-AA5D-BF1A520459CD}.Debug|Any CPU.Build.0 = Debug|Any CPU
		{86124776-0E46-4C39-AA5D-BF1A520459CD}.Release|Any CPU.ActiveCfg = Release|Any CPU
		{86124776-0E46-4C39-AA5D-BF1A520459CD}.Release|Any CPU.Build.0 = Release|Any CPU
		{0419468F-CC33-419F-8396-AB87BF19F2E6}.Debug|Any CPU.ActiveCfg = Debug|Any CPU
		{0419468F-CC33-419F-8396-AB87BF19F2E6}.Debug|Any CPU.Build.0 = Debug|Any CPU
		{0419468F-CC33-419F-8396-AB87BF19F2E6}.Release|Any CPU.ActiveCfg = Release|Any CPU
		{0419468F-CC33-419F-8396-AB87BF19F2E6}.Release|Any CPU.Build.0 = Release|Any CPU
		{2035B711-CABA-407D-9B92-755D2C80D673}.Debug|Any CPU.ActiveCfg = Debug|Any CPU
		{2035B711-CABA-407D-9B92-755D2C80D673}.Debug|Any CPU.Build.0 = Debug|Any CPU
		{2035B711-CABA-407D-9B92-755D2C80D673}.Release|Any CPU.ActiveCfg = Release|Any CPU
		{2035B711-CABA-407D-9B92-755D2C80D673}.Release|Any CPU.Build.0 = Release|Any CPU
		{998E755D-195C-42EF-A2BF-9E5BF144A9A1}.Debug|Any CPU.ActiveCfg = Debug|Any CPU
		{998E755D-195C-42EF-A2BF-9E5BF144A9A1}.Debug|Any CPU.Build.0 = Debug|Any CPU
		{998E755D-195C-42EF-A2BF-9E5BF144A9A1}.Release|Any CPU.ActiveCfg = Release|Any CPU
		{998E755D-195C-42EF-A2BF-9E5BF144A9A1}.Release|Any CPU.Build.0 = Release|Any CPU
		{1DA10A4F-9768-43E0-BFC6-43DE466944B3}.Debug|Any CPU.ActiveCfg = Debug|Any CPU
		{1DA10A4F-9768-43E0-BFC6-43DE466944B3}.Debug|Any CPU.Build.0 = Debug|Any CPU
		{1DA10A4F-9768-43E0-BFC6-43DE466944B3}.Release|Any CPU.ActiveCfg = Release|Any CPU
		{1DA10A4F-9768-43E0-BFC6-43DE466944B3}.Release|Any CPU.Build.0 = Release|Any CPU
	EndGlobalSection
	GlobalSection(SolutionProperties) = preSolution
		HideSolutionNode = FALSE
	EndGlobalSection
	GlobalSection(ExtensibilityGlobals) = postSolution
		SolutionGuid = {83A98A65-6C73-4911-8EE4-065A4AD8AA36}
	EndGlobalSection
EndGlobal
