
Microsoft Visual Studio Solution File, Format Version 12.00
# Visual Studio 15
VisualStudioVersion = 15.0.27703.2000
MinimumVisualStudioVersion = 10.0.40219.1
Project("{9A19103F-16F7-4668-BE54-9A1E7A4F7556}") = "IntToText", "IntToText\IntToText.csproj", "{0D5AA9B6-1EFC-435D-A283-C29E79980636}"
EndProject
Global
	GlobalSection(SolutionConfigurationPlatforms) = preSolution
		Debug|Any CPU = Debug|Any CPU
		Release|Any CPU = Release|Any CPU
	EndGlobalSection
	GlobalSection(ProjectConfigurationPlatforms) = postSolution
		{0D5AA9B6-1EFC-435D-A283-C29E79980636}.Debug|Any CPU.ActiveCfg = Debug|Any CPU
		{0D5AA9B6-1EFC-435D-A283-C29E79980636}.Debug|Any CPU.Build.0 = Debug|Any CPU
		{0D5AA9B6-1EFC-435D-A283-C29E79980636}.Release|Any CPU.ActiveCfg = Release|Any CPU
		{0D5AA9B6-1EFC-435D-A283-C29E79980636}.Release|Any CPU.Build.0 = Release|Any CPU
	EndGlobalSection
	GlobalSection(SolutionProperties) = preSolution
		HideSolutionNode = FALSE
	EndGlobalSection
	GlobalSection(ExtensibilityGlobals) = postSolution
		SolutionGuid = {F6FD9CC5-7CF0-4B1C-A5DF-8163932F747B}
	EndGlobalSection
EndGlobal
